
Microsoft Visual Studio Solution File, Format Version 12.00
# Visual Studio 15
VisualStudioVersion = 15.0.26124.0
MinimumVisualStudioVersion = 15.0.26124.0
Project("{FAE04EC0-301F-11D3-BF4B-00C04F79EFBC}") = "PaymentContext.Domain", "PaymentContext.Domain\PaymentContext.Domain.csproj", "{EA7AFAD5-9EE0-400B-8412-5DC01384580C}"
EndProject
Project("{FAE04EC0-301F-11D3-BF4B-00C04F79EFBC}") = "PaymentContext.Shared", "PaymentContext.Shared\PaymentContext.Shared.csproj", "{12415899-BD09-44B6-A144-32A280437E66}"
EndProject
Project("{FAE04EC0-301F-11D3-BF4B-00C04F79EFBC}") = "PaymentContext.Tests", "PaymentContext.Tests\PaymentContext.Tests.csproj", "{027A7B84-A617-4A30-8F4B-86F904AC1E5F}"
EndProject
Global
	GlobalSection(SolutionConfigurationPlatforms) = preSolution
		Debug|Any CPU = Debug|Any CPU
		Debug|x64 = Debug|x64
		Debug|x86 = Debug|x86
		Release|Any CPU = Release|Any CPU
		Release|x64 = Release|x64
		Release|x86 = Release|x86
	EndGlobalSection
	GlobalSection(SolutionProperties) = preSolution
		HideSolutionNode = FALSE
	EndGlobalSection
	GlobalSection(ProjectConfigurationPlatforms) = postSolution
		{EA7AFAD5-9EE0-400B-8412-5DC01384580C}.Debug|Any CPU.ActiveCfg = Debug|Any CPU
		{EA7AFAD5-9EE0-400B-8412-5DC01384580C}.Debug|Any CPU.Build.0 = Debug|Any CPU
		{EA7AFAD5-9EE0-400B-8412-5DC01384580C}.Debug|x64.ActiveCfg = Debug|Any CPU
		{EA7AFAD5-9EE0-400B-8412-5DC01384580C}.Debug|x64.Build.0 = Debug|Any CPU
		{EA7AFAD5-9EE0-400B-8412-5DC01384580C}.Debug|x86.ActiveCfg = Debug|Any CPU
		{EA7AFAD5-9EE0-400B-8412-5DC01384580C}.Debug|x86.Build.0 = Debug|Any CPU
		{EA7AFAD5-9EE0-400B-8412-5DC01384580C}.Release|Any CPU.ActiveCfg = Release|Any CPU
		{EA7AFAD5-9EE0-400B-8412-5DC01384580C}.Release|Any CPU.Build.0 = Release|Any CPU
		{EA7AFAD5-9EE0-400B-8412-5DC01384580C}.Release|x64.ActiveCfg = Release|Any CPU
		{EA7AFAD5-9EE0-400B-8412-5DC01384580C}.Release|x64.Build.0 = Release|Any CPU
		{EA7AFAD5-9EE0-400B-8412-5DC01384580C}.Release|x86.ActiveCfg = Release|Any CPU
		{EA7AFAD5-9EE0-400B-8412-5DC01384580C}.Release|x86.Build.0 = Release|Any CPU
		{12415899-BD09-44B6-A144-32A280437E66}.Debug|Any CPU.ActiveCfg = Debug|Any CPU
		{12415899-BD09-44B6-A144-32A280437E66}.Debug|Any CPU.Build.0 = Debug|Any CPU
		{12415899-BD09-44B6-A144-32A280437E66}.Debug|x64.ActiveCfg = Debug|Any CPU
		{12415899-BD09-44B6-A144-32A280437E66}.Debug|x64.Build.0 = Debug|Any CPU
		{12415899-BD09-44B6-A144-32A280437E66}.Debug|x86.ActiveCfg = Debug|Any CPU
		{12415899-BD09-44B6-A144-32A280437E66}.Debug|x86.Build.0 = Debug|Any CPU
		{12415899-BD09-44B6-A144-32A280437E66}.Release|Any CPU.ActiveCfg = Release|Any CPU
		{12415899-BD09-44B6-A144-32A280437E66}.Release|Any CPU.Build.0 = Release|Any CPU
		{12415899-BD09-44B6-A144-32A280437E66}.Release|x64.ActiveCfg = Release|Any CPU
		{12415899-BD09-44B6-A144-32A280437E66}.Release|x64.Build.0 = Release|Any CPU
		{12415899-BD09-44B6-A144-32A280437E66}.Release|x86.ActiveCfg = Release|Any CPU
		{12415899-BD09-44B6-A144-32A280437E66}.Release|x86.Build.0 = Release|Any CPU
		{027A7B84-A617-4A30-8F4B-86F904AC1E5F}.Debug|Any CPU.ActiveCfg = Debug|Any CPU
		{027A7B84-A617-4A30-8F4B-86F904AC1E5F}.Debug|Any CPU.Build.0 = Debug|Any CPU
		{027A7B84-A617-4A30-8F4B-86F904AC1E5F}.Debug|x64.ActiveCfg = Debug|Any CPU
		{027A7B84-A617-4A30-8F4B-86F904AC1E5F}.Debug|x64.Build.0 = Debug|Any CPU
		{027A7B84-A617-4A30-8F4B-86F904AC1E5F}.Debug|x86.ActiveCfg = Debug|Any CPU
		{027A7B84-A617-4A30-8F4B-86F904AC1E5F}.Debug|x86.Build.0 = Debug|Any CPU
		{027A7B84-A617-4A30-8F4B-86F904AC1E5F}.Release|Any CPU.ActiveCfg = Release|Any CPU
		{027A7B84-A617-4A30-8F4B-86F904AC1E5F}.Release|Any CPU.Build.0 = Release|Any CPU
		{027A7B84-A617-4A30-8F4B-86F904AC1E5F}.Release|x64.ActiveCfg = Release|Any CPU
		{027A7B84-A617-4A30-8F4B-86F904AC1E5F}.Release|x64.Build.0 = Release|Any CPU
		{027A7B84-A617-4A30-8F4B-86F904AC1E5F}.Release|x86.ActiveCfg = Release|Any CPU
		{027A7B84-A617-4A30-8F4B-86F904AC1E5F}.Release|x86.Build.0 = Release|Any CPU
	EndGlobalSection
EndGlobal
